{
    "name": "@bazel/bazelisk",
    "version": "0.0.0-PLACEHOLDER",
    "lockfileVersion": 2,
    "requires": true,
    "packages": {
        "": {
            "name": "@bazel/bazelisk",
            "version": "0.0.0-PLACEHOLDER",
            "license": "Apache-2.0",
            "bin": {
                "bazel": "bazelisk.js",
                "bazelisk": "bazelisk.js"
            }
        }
    }
}
